
Microsoft Visual Studio Solution File, Format Version 12.00
# Visual Studio Version 17
VisualStudioVersion = 17.14.36623.8
MinimumVisualStudioVersion = 10.0.40219.1
Project("{FAE04EC0-301F-11D3-BF4B-00C04F79EFBC}") = "Day1", "Day1\Day1.csproj", "{A89FD724-7F10-4E10-92B0-F96030444774}"
EndProject
Project("{FAE04EC0-301F-11D3-BF4B-00C04F79EFBC}") = "Day2", "Day2\Day2.csproj", "{A166146E-4364-402A-BB22-BD6E11A29135}"
EndProject
Global
	GlobalSection(SolutionConfigurationPlatforms) = preSolution
		Debug|Any CPU = Debug|Any CPU
		Release|Any CPU = Release|Any CPU
	EndGlobalSection
	GlobalSection(ProjectConfigurationPlatforms) = postSolution
		{A89FD724-7F10-4E10-92B0-F96030444774}.Debug|Any CPU.ActiveCfg = Debug|Any CPU
		{A89FD724-7F10-4E10-92B0-F96030444774}.Debug|Any CPU.Build.0 = Debug|Any CPU
		{A89FD724-7F10-4E10-92B0-F96030444774}.Release|Any CPU.ActiveCfg = Release|Any CPU
		{A89FD724-7F10-4E10-92B0-F96030444774}.Release|Any CPU.Build.0 = Release|Any CPU
		{A166146E-4364-402A-BB22-BD6E11A29135}.Debug|Any CPU.ActiveCfg = Debug|Any CPU
		{A166146E-4364-402A-BB22-BD6E11A29135}.Debug|Any CPU.Build.0 = Debug|Any CPU
		{A166146E-4364-402A-BB22-BD6E11A29135}.Release|Any CPU.ActiveCfg = Release|Any CPU
		{A166146E-4364-402A-BB22-BD6E11A29135}.Release|Any CPU.Build.0 = Release|Any CPU
	EndGlobalSection
	GlobalSection(SolutionProperties) = preSolution
		HideSolutionNode = FALSE
	EndGlobalSection
	GlobalSection(ExtensibilityGlobals) = postSolution
		SolutionGuid = {C10B8B45-172C-4A34-8985-9FD04ADF4190}
	EndGlobalSection
EndGlobal
